// !$*UTF8*$!
{
	archiveVersion = 1;
	classes = {
	};
	objectVersion = 46;
	objects = {

/* Begin PBXBuildFile section */
		8F0EBF771F64DAFA000BEEBC /* AppDelegate.swift in Sources */ = {isa = PBXBuildFile; fileRef = 8F0EBF761F64DAFA000BEEBC /* AppDelegate.swift */; };
		8F0EBF791F64DAFA000BEEBC /* ViewController.swift in Sources */ = {isa = PBXBuildFile; fileRef = 8F0EBF781F64DAFA000BEEBC /* ViewController.swift */; };
		8F0EBF7C1F64DAFA000BEEBC /* Main.storyboard in Resources */ = {isa = PBXBuildFile; fileRef = 8F0EBF7A1F64DAFA000BEEBC /* Main.storyboard */; };
		8F0EBF7E1F64DAFA000BEEBC /* Assets.xcassets in Resources */ = {isa = PBXBuildFile; fileRef = 8F0EBF7D1F64DAFA000BEEBC /* Assets.xcassets */; };
		8F0EBF811F64DAFA000BEEBC /* LaunchScreen.storyboard in Resources */ = {isa = PBXBuildFile; fileRef = 8F0EBF7F1F64DAFA000BEEBC /* LaunchScreen.storyboard */; };
		8F0EBF911F64E18A000BEEBC /* ic_archive_2x.png in Resources */ = {isa = PBXBuildFile; fileRef = 8F0EBF8E1F64E18A000BEEBC /* ic_archive_2x.png */; };
		8F0EBF921F64E18A000BEEBC /* ic_archive_3x.png in Resources */ = {isa = PBXBuildFile; fileRef = 8F0EBF8F1F64E18A000BEEBC /* ic_archive_3x.png */; };
		8F0EBF931F64E18A000BEEBC /* ic_archive.png in Resources */ = {isa = PBXBuildFile; fileRef = 8F0EBF901F64E18A000BEEBC /* ic_archive.png */; };
		8F0EBF951F64E293000BEEBC /* alexander-mils-instagram-com-alexandermils-319981.jpg in Resources */ = {isa = PBXBuildFile; fileRef = 8F0EBF941F64E293000BEEBC /* alexander-mils-instagram-com-alexandermils-319981.jpg */; };
		8F0EBF971F64FAB5000BEEBC /* Myclass.swift in Sources */ = {isa = PBXBuildFile; fileRef = 8F0EBF961F64FAB5000BEEBC /* Myclass.swift */; };
/* End PBXBuildFile section */

/* Begin PBXFileReference section */
		8F0EBF731F64DAFA000BEEBC /* FunnyNumber.app */ = {isa = PBXFileReference; explicitFileType = wrapper.application; includeInIndex = 0; path = FunnyNumber.app; sourceTree = BUILT_PRODUCTS_DIR; };
		8F0EBF761F64DAFA000BEEBC /* AppDelegate.swift */ = {isa = PBXFileReference; lastKnownFileType = sourcecode.swift; path = AppDelegate.swift; sourceTree = "<group>"; };
		8F0EBF781F64DAFA000BEEBC /* ViewController.swift */ = {isa = PBXFileReference; lastKnownFileType = sourcecode.swift; path = ViewController.swift; sourceTree = "<group>"; };
		8F0EBF7B1F64DAFA000BEEBC /* Base */ = {isa = PBXFileReference; lastKnownFileType = file.storyboard; name = Base; path = Base.lproj/Main.storyboard; sourceTree = "<group>"; };
		8F0EBF7D1F64DAFA000BEEBC /* Assets.xcassets */ = {isa = PBXFileReference; lastKnownFileType = folder.assetcatalog; path = Assets.xcassets; sourceTree = "<group>"; };
		8F0EBF801F64DAFA000BEEBC /* Base */ = {isa = PBXFileReference; lastKnownFileType = file.storyboard; name = Base; path = Base.lproj/LaunchScreen.storyboard; sourceTree = "<group>"; };
		8F0EBF821F64DAFA000BEEBC /* Info.plist */ = {isa = PBXFileReference; lastKnownFileType = text.plist.xml; path = Info.plist; sourceTree = "<group>"; };
		8F0EBF8E1F64E18A000BEEBC /* ic_archive_2x.png */ = {isa = PBXFileReference; lastKnownFileType = image.png; path = ic_archive_2x.png; sourceTree = "<group>"; };
		8F0EBF8F1F64E18A000BEEBC /* ic_archive_3x.png */ = {isa = PBXFileReference; lastKnownFileType = image.png; path = ic_archive_3x.png; sourceTree = "<group>"; };
		8F0EBF901F64E18A000BEEBC /* ic_archive.png */ = {isa = PBXFileReference; lastKnownFileType = image.png; path = ic_archive.png; sourceTree = "<group>"; };
		8F0EBF941F64E293000BEEBC /* alexander-mils-instagram-com-alexandermils-319981.jpg */ = {isa = PBXFileReference; lastKnownFileType = image.jpeg; path = "alexander-mils-instagram-com-alexandermils-319981.jpg"; sourceTree = "<group>"; };
		8F0EBF961F64FAB5000BEEBC /* Myclass.swift */ = {isa = PBXFileReference; fileEncoding = 4; lastKnownFileType = sourcecode.swift; path = Myclass.swift; sourceTree = "<group>"; };
/* End PBXFileReference section */

/* Begin PBXFrameworksBuildPhase section */
		8F0EBF701F64DAFA000BEEBC /* Frameworks */ = {
			isa = PBXFrameworksBuildPhase;
			buildActionMask = 2147483647;
			files = (
			);
			runOnlyForDeploymentPostprocessing = 0;
		};
/* End PBXFrameworksBuildPhase section */

/* Begin PBXGroup section */
		8F0EBF6A1F64DAFA000BEEBC = {
			isa = PBXGroup;
			children = (
				8F0EBF751F64DAFA000BEEBC /* FunnyNumber */,
				8F0EBF741F64DAFA000BEEBC /* Products */,
			);
			sourceTree = "<group>";
		};
		8F0EBF741F64DAFA000BEEBC /* Products */ = {
			isa = PBXGroup;
			children = (
				8F0EBF731F64DAFA000BEEBC /* FunnyNumber.app */,
			);
			name = Products;
			sourceTree = "<group>";
		};
		8F0EBF751F64DAFA000BEEBC /* FunnyNumber */ = {
			isa = PBXGroup;
			children = (
				8F0EBF941F64E293000BEEBC /* alexander-mils-instagram-com-alexandermils-319981.jpg */,
				8F0EBF8E1F64E18A000BEEBC /* ic_archive_2x.png */,
				8F0EBF8F1F64E18A000BEEBC /* ic_archive_3x.png */,
				8F0EBF901F64E18A000BEEBC /* ic_archive.png */,
				8F0EBF761F64DAFA000BEEBC /* AppDelegate.swift */,
				8F0EBF781F64DAFA000BEEBC /* ViewController.swift */,
				8F0EBF7A1F64DAFA000BEEBC /* Main.storyboard */,
				8F0EBF7D1F64DAFA000BEEBC /* Assets.xcassets */,
				8F0EBF7F1F64DAFA000BEEBC /* LaunchScreen.storyboard */,
				8F0EBF821F64DAFA000BEEBC /* Info.plist */,
				8F0EBF961F64FAB5000BEEBC /* Myclass.swift */,
			);
			path = FunnyNumber;
			sourceTree = "<group>";
		};
/* End PBXGroup section */

/* Begin PBXNativeTarget section */
		8F0EBF721F64DAFA000BEEBC /* FunnyNumber */ = {
			isa = PBXNativeTarget;
			buildConfigurationList = 8F0EBF851F64DAFA000BEEBC /* Build configuration list for PBXNativeTarget "FunnyNumber" */;
			buildPhases = (
				8F0EBF6F1F64DAFA000BEEBC /* Sources */,
				8F0EBF701F64DAFA000BEEBC /* Frameworks */,
				8F0EBF711F64DAFA000BEEBC /* Resources */,
			);
			buildRules = (
			);
			dependencies = (
			);
			name = FunnyNumber;
			productName = FunnyNumber;
			productReference = 8F0EBF731F64DAFA000BEEBC /* FunnyNumber.app */;
			productType = "com.apple.product-type.application";
		};
/* End PBXNativeTarget section */

/* Begin PBXProject section */
		8F0EBF6B1F64DAFA000BEEBC /* Project object */ = {
			isa = PBXProject;
			attributes = {
				LastSwiftUpdateCheck = 0830;
				LastUpgradeCheck = 0830;
				ORGANIZATIONNAME = oramon;
				TargetAttributes = {
					8F0EBF721F64DAFA000BEEBC = {
						CreatedOnToolsVersion = 8.3.3;
						ProvisioningStyle = Automatic;
					};
				};
			};
			buildConfigurationList = 8F0EBF6E1F64DAFA000BEEBC /* Build configuration list for PBXProject "FunnyNumber" */;
			compatibilityVersion = "Xcode 3.2";
			developmentRegion = English;
			hasScannedForEncodings = 0;
			knownRegions = (
				en,
				Base,
			);
			mainGroup = 8F0EBF6A1F64DAFA000BEEBC;
			productRefGroup = 8F0EBF741F64DAFA000BEEBC /* Products */;
			projectDirPath = "";
			projectRoot = "";
			targets = (
				8F0EBF721F64DAFA000BEEBC /* FunnyNumber */,
			);
		};
/* End PBXProject section */

/* Begin PBXResourcesBuildPhase section */
		8F0EBF711F64DAFA000BEEBC /* Resources */ = {
			isa = PBXResourcesBuildPhase;
			buildActionMask = 2147483647;
			files = (
				8F0EBF951F64E293000BEEBC /* alexander-mils-instagram-com-alexandermils-319981.jpg in Resources */,
				8F0EBF921F64E18A000BEEBC /* ic_archive_3x.png in Resources */,
				8F0EBF811F64DAFA000BEEBC /* LaunchScreen.storyboard in Resources */,
				8F0EBF931F64E18A000BEEBC /* ic_archive.png in Resources */,
				8F0EBF7E1F64DAFA000BEEBC /* Assets.xcassets in Resources */,
				8F0EBF911F64E18A000BEEBC /* ic_archive_2x.png in Resources */,
				8F0EBF7C1F64DAFA000BEEBC /* Main.storyboard in Resources */,
			);
			runOnlyForDeploymentPostprocessing = 0;
		};
/* End PBXResourcesBuildPhase section */

/* Begin PBXSourcesBuildPhase section */
		8F0EBF6F1F64DAFA000BEEBC /* Sources */ = {
			isa = PBXSourcesBuildPhase;
			buildActionMask = 2147483647;
			files = (
				8F0EBF791F64DAFA000BEEBC /* ViewController.swift in Sources */,
				8F0EBF971F64FAB5000BEEBC /* Myclass.swift in Sources */,
				8F0EBF771F64DAFA000BEEBC /* AppDelegate.swift in Sources */,
			);
			runOnlyForDeploymentPostprocessing = 0;
		};
/* End PBXSourcesBuildPhase section */

/* Begin PBXVariantGroup section */
		8F0EBF7A1F64DAFA000BEEBC /* Main.storyboard */ = {
			isa = PBXVariantGroup;
			children = (
				8F0EBF7B1F64DAFA000BEEBC /* Base */,
			);
			name = Main.storyboard;
			sourceTree = "<group>";
		};
		8F0EBF7F1F64DAFA000BEEBC /* LaunchScreen.storyboard */ = {
			isa = PBXVariantGroup;
			children = (
				8F0EBF801F64DAFA000BEEBC /* Base */,
			);
			name = LaunchScreen.storyboard;
			sourceTree = "<group>";
		};
/* End PBXVariantGroup section */

/* Begin XCBuildConfiguration section */
		8F0EBF831F64DAFA000BEEBC /* Debug */ = {
			isa = XCBuildConfiguration;
			buildSettings = {
				ALWAYS_SEARCH_USER_PATHS = NO;
				CLANG_ANALYZER_NONNULL = YES;
				CLANG_ANALYZER_NUMBER_OBJECT_CONVERSION = YES_AGGRESSIVE;
				CLANG_CXX_LANGUAGE_STANDARD = "gnu++0x";
				CLANG_CXX_LIBRARY = "libc++";
				CLANG_ENABLE_MODULES = YES;
				CLANG_ENABLE_OBJC_ARC = YES;
				CLANG_WARN_BOOL_CONVERSION = YES;
				CLANG_WARN_CONSTANT_CONVERSION = YES;
				CLANG_WARN_DIRECT_OBJC_ISA_USAGE = YES_ERROR;
				CLANG_WARN_DOCUMENTATION_COMMENTS = YES;
				CLANG_WARN_EMPTY_BODY = YES;
				CLANG_WARN_ENUM_CONVERSION = YES;
				CLANG_WARN_INFINITE_RECURSION = YES;
				CLANG_WARN_INT_CONVERSION = YES;
				CLANG_WARN_OBJC_ROOT_CLASS = YES_ERROR;
				CLANG_WARN_SUSPICIOUS_MOVE = YES;
				CLANG_WARN_UNREACHABLE_CODE = YES;
				CLANG_WARN__DUPLICATE_METHOD_MATCH = YES;
				"CODE_SIGN_IDENTITY[sdk=iphoneos*]" = "iPhone Developer";
				COPY_PHASE_STRIP = NO;
				DEBUG_INFORMATION_FORMAT = dwarf;
				ENABLE_STRICT_OBJC_MSGSEND = YES;
				ENABLE_TESTABILITY = YES;
				GCC_C_LANGUAGE_STANDARD = gnu99;
				GCC_DYNAMIC_NO_PIC = NO;
				GCC_NO_COMMON_BLOCKS = YES;
				GCC_OPTIMIZATION_LEVEL = 0;
				GCC_PREPROCESSOR_DEFINITIONS = (
					"DEBUG=1",
					"$(inherited)",
				);
				GCC_WARN_64_TO_32_BIT_CONVERSION = YES;
				GCC_WARN_ABOUT_RETURN_TYPE = YES_ERROR;
				GCC_WARN_UNDECLARED_SELECTOR = YES;
				GCC_WARN_UNINITIALIZED_AUTOS = YES_AGGRESSIVE;
				GCC_WARN_UNUSED_FUNCTION = YES;
				GCC_WARN_UNUSED_VARIABLE = YES;
				IPHONEOS_DEPLOYMENT_TARGET = 10.3;
				MTL_ENABLE_DEBUG_INFO = YES;
				ONLY_ACTIVE_ARCH = YES;
				SDKROOT = iphoneos;
				SWIFT_ACTIVE_COMPILATION_CONDITIONS = DEBUG;
				SWIFT_OPTIMIZATION_LEVEL = "-Onone";
				TARGETED_DEVICE_FAMILY = "1,2";
			};
			name = Debug;
		};
		8F0EBF841F64DAFA000BEEBC /* Release */ = {
			isa = XCBuildConfiguration;
			buildSettings = {
				ALWAYS_SEARCH_USER_PATHS = NO;
				CLANG_ANALYZER_NONNULL = YES;
				CLANG_ANALYZER_NUMBER_OBJECT_CONVERSION = YES_AGGRESSIVE;
				CLANG_CXX_LANGUAGE_STANDARD = "gnu++0x";
				CLANG_CXX_LIBRARY = "libc++";
				CLANG_ENABLE_MODULES = YES;
				CLANG_ENABLE_OBJC_ARC = YES;
				CLANG_WARN_BOOL_CONVERSION = YES;
				CLANG_WARN_CONSTANT_CONVERSION = YES;
				CLANG_WARN_DIRECT_OBJC_ISA_USAGE = YES_ERROR;
				CLANG_WARN_DOCUMENTATION_COMMENTS = YES;
				CLANG_WARN_EMPTY_BODY = YES;
				CLANG_WARN_ENUM_CONVERSION = YES;
				CLANG_WARN_INFINITE_RECURSION = YES;
				CLANG_WARN_INT_CONVERSION = YES;
				CLANG_WARN_OBJC_ROOT_CLASS = YES_ERROR;
				CLANG_WARN_SUSPICIOUS_MOVE = YES;
				CLANG_WARN_UNREACHABLE_CODE = YES;
				CLANG_WARN__DUPLICATE_METHOD_MATCH = YES;
				"CODE_SIGN_IDENTITY[sdk=iphoneos*]" = "iPhone Developer";
				COPY_PHASE_STRIP = NO;
				DEBUG_INFORMATION_FORMAT = "dwarf-with-dsym";
				ENABLE_NS_ASSERTIONS = NO;
				ENABLE_STRICT_OBJC_MSGSEND = YES;
				GCC_C_LANGUAGE_STANDARD = gnu99;
				GCC_NO_COMMON_BLOCKS = YES;
				GCC_WARN_64_TO_32_BIT_CONVERSION = YES;
				GCC_WARN_ABOUT_RETURN_TYPE = YES_ERROR;
				GCC_WARN_UNDECLARED_SELECTOR = YES;
				GCC_WARN_UNINITIALIZED_AUTOS = YES_AGGRESSIVE;
				GCC_WARN_UNUSED_FUNCTION = YES;
				GCC_WARN_UNUSED_VARIABLE = YES;
				IPHONEOS_DEPLOYMENT_TARGET = 10.3;
				MTL_ENABLE_DEBUG_INFO = NO;
				SDKROOT = iphoneos;
				SWIFT_OPTIMIZATION_LEVEL = "-Owholemodule";
				TARGETED_DEVICE_FAMILY = "1,2";
				VALIDATE_PRODUCT = YES;
			};
			name = Release;
		};
		8F0EBF861F64DAFA000BEEBC /* Debug */ = {
			isa = XCBuildConfiguration;
			buildSettings = {
				ASSETCATALOG_COMPILER_APPICON_NAME = AppIcon;
				INFOPLIST_FILE = FunnyNumber/Info.plist;
				LD_RUNPATH_SEARCH_PATHS = "$(inherited) @executable_path/Frameworks";
				PRODUCT_BUNDLE_IDENTIFIER = app.oramon.FunnyNumber;
				PRODUCT_NAME = "$(TARGET_NAME)";
				SWIFT_VERSION = 3.0;
			};
			name = Debug;
		};
		8F0EBF871F64DAFA000BEEBC /* Release */ = {
			isa = XCBuildConfiguration;
			buildSettings = {
				ASSETCATALOG_COMPILER_APPICON_NAME = AppIcon;
				INFOPLIST_FILE = FunnyNumber/Info.plist;
				LD_RUNPATH_SEARCH_PATHS = "$(inherited) @executable_path/Frameworks";
				PRODUCT_BUNDLE_IDENTIFIER = app.oramon.FunnyNumber;
				PRODUCT_NAME = "$(TARGET_NAME)";
				SWIFT_VERSION = 3.0;
			};
			name = Release;
		};
/* End XCBuildConfiguration section */

/* Begin XCConfigurationList section */
		8F0EBF6E1F64DAFA000BEEBC /* Build configuration list for PBXProject "FunnyNumber" */ = {
			isa = XCConfigurationList;
			buildConfigurations = (
				8F0EBF831F64DAFA000BEEBC /* Debug */,
				8F0EBF841F64DAFA000BEEBC /* Release */,
			);
			defaultConfigurationIsVisible = 0;
			defaultConfigurationName = Release;
		};
		8F0EBF851F64DAFA000BEEBC /* Build configuration list for PBXNativeTarget "FunnyNumber" */ = {
			isa = XCConfigurationList;
			buildConfigurations = (
				8F0EBF861F64DAFA000BEEBC /* Debug */,
				8F0EBF871F64DAFA000BEEBC /* Release */,
			);
			defaultConfigurationIsVisible = 0;
			defaultConfigurationName = Release;
		};
/* End XCConfigurationList section */
	};
	rootObject = 8F0EBF6B1F64DAFA000BEEBC /* Project object */;
}
